
Microsoft Visual Studio Solution File, Format Version 12.00
# Visual Studio Version 17
VisualStudioVersion = 17.6.33815.320
MinimumVisualStudioVersion = 10.0.40219.1
Project("{FAE04EC0-301F-11D3-BF4B-00C04F79EFBC}") = "Gro", "Gro\Gro.csproj", "{1639ABD0-D0A9-4DDC-96ED-122A6E043C32}"
EndProject
Global
	GlobalSection(SolutionConfigurationPlatforms) = preSolution
		Debug|Any CPU = Debug|Any CPU
		Release|Any CPU = Release|Any CPU
	EndGlobalSection
	GlobalSection(ProjectConfigurationPlatforms) = postSolution
		{1639ABD0-D0A9-4DDC-96ED-122A6E043C32}.Debug|Any CPU.ActiveCfg = Debug|Any CPU
		{1639ABD0-D0A9-4DDC-96ED-122A6E043C32}.Debug|Any CPU.Build.0 = Debug|Any CPU
		{1639ABD0-D0A9-4DDC-96ED-122A6E043C32}.Release|Any CPU.ActiveCfg = Release|Any CPU
		{1639ABD0-D0A9-4DDC-96ED-122A6E043C32}.Release|Any CPU.Build.0 = Release|Any CPU
	EndGlobalSection
	GlobalSection(SolutionProperties) = preSolution
		HideSolutionNode = FALSE
	EndGlobalSection
	GlobalSection(ExtensibilityGlobals) = postSolution
		SolutionGuid = {89C3A73C-4697-493A-BFB8-BF1A7708285F}
	EndGlobalSection
EndGlobal
